
Microsoft Visual Studio Solution File, Format Version 12.00
# Visual Studio 14
VisualStudioVersion = 14.0.25402.0
MinimumVisualStudioVersion = 10.0.40219.1
Project("{FAE04EC0-301F-11D3-BF4B-00C04F79EFBC}") = "RepoMVC", "RepoMVC\RepoMVC.csproj", "{485A3CB9-174F-4B49-8CC1-C70BAD56D967}"
EndProject
Project("{FAE04EC0-301F-11D3-BF4B-00C04F79EFBC}") = "EntityFWUsingRepo", "EntityFWUsingRepo\EntityFWUsingRepo.csproj", "{AECEAA51-345B-49E2-BBE8-842431F3D4C3}"
EndProject
Global
	GlobalSection(SolutionConfigurationPlatforms) = preSolution
		Debug|Any CPU = Debug|Any CPU
		Release|Any CPU = Release|Any CPU
	EndGlobalSection
	GlobalSection(ProjectConfigurationPlatforms) = postSolution
		{485A3CB9-174F-4B49-8CC1-C70BAD56D967}.Debug|Any CPU.ActiveCfg = Debug|Any CPU
		{485A3CB9-174F-4B49-8CC1-C70BAD56D967}.Debug|Any CPU.Build.0 = Debug|Any CPU
		{485A3CB9-174F-4B49-8CC1-C70BAD56D967}.Release|Any CPU.ActiveCfg = Release|Any CPU
		{485A3CB9-174F-4B49-8CC1-C70BAD56D967}.Release|Any CPU.Build.0 = Release|Any CPU
		{AECEAA51-345B-49E2-BBE8-842431F3D4C3}.Debug|Any CPU.ActiveCfg = Debug|Any CPU
		{AECEAA51-345B-49E2-BBE8-842431F3D4C3}.Debug|Any CPU.Build.0 = Debug|Any CPU
		{AECEAA51-345B-49E2-BBE8-842431F3D4C3}.Release|Any CPU.ActiveCfg = Release|Any CPU
		{AECEAA51-345B-49E2-BBE8-842431F3D4C3}.Release|Any CPU.Build.0 = Release|Any CPU
	EndGlobalSection
	GlobalSection(SolutionProperties) = preSolution
		HideSolutionNode = FALSE
	EndGlobalSection
EndGlobal
